
Microsoft Visual Studio Solution File, Format Version 12.00
# Visual Studio Version 17
VisualStudioVersion = 17.13.35913.81 d17.13
MinimumVisualStudioVersion = 10.0.40219.1
Project("{FAE04EC0-301F-11D3-BF4B-00C04F79EFBC}") = "CRUDdemo", "CRUDdemo.csproj", "{7ECFD4A7-45EA-4D2F-BEBA-1F1EA19AD764}"
EndProject
Global
	GlobalSection(SolutionConfigurationPlatforms) = preSolution
		Debug|Any CPU = Debug|Any CPU
		Release|Any CPU = Release|Any CPU
	EndGlobalSection
	GlobalSection(ProjectConfigurationPlatforms) = postSolution
		{7ECFD4A7-45EA-4D2F-BEBA-1F1EA19AD764}.Debug|Any CPU.ActiveCfg = Debug|Any CPU
		{7ECFD4A7-45EA-4D2F-BEBA-1F1EA19AD764}.Debug|Any CPU.Build.0 = Debug|Any CPU
		{7ECFD4A7-45EA-4D2F-BEBA-1F1EA19AD764}.Release|Any CPU.ActiveCfg = Release|Any CPU
		{7ECFD4A7-45EA-4D2F-BEBA-1F1EA19AD764}.Release|Any CPU.Build.0 = Release|Any CPU
	EndGlobalSection
	GlobalSection(SolutionProperties) = preSolution
		HideSolutionNode = FALSE
	EndGlobalSection
	GlobalSection(ExtensibilityGlobals) = postSolution
		SolutionGuid = {2228D148-C95C-4B52-A0EF-7E177F332C37}
	EndGlobalSection
EndGlobal
